{
  "name": "jsdelivr-cdn-data",
  "version": "1.0.4",
  "lockfileVersion": 1,
  "requires": true,
  "dependencies": {
    "abbrev": {
      "version": "1.1.1",
      "resolved": "https://repo.dev.wixpress.com/artifactory/api/npm/npm-repos/abbrev/-/abbrev-1.1.1.tgz",
      "integrity": "sha1-+PLIh60Qv2f2NPAFtph/7TF5qsg=",
      "dev": true
    },
    "argparse": {
      "version": "0.1.16",
      "resolved": "https://repo.dev.wixpress.com/artifactory/api/npm/npm-repos/argparse/-/argparse-0.1.16.tgz",
      "integrity": "sha1-z9AeD7uj1srtBJ+9dY1A9lGW9Xw=",
      "dev": true,
      "requires": {
        "underscore": "~1.7.0",
        "underscore.string": "~2.4.0"
      },
      "dependencies": {
        "underscore.string": {
          "version": "2.4.0",
          "resolved": "https://repo.dev.wixpress.com/artifactory/api/npm/npm-repos/underscore.string/-/underscore.string-2.4.0.tgz",
          "integrity": "sha1-jN2PusTi0uoefi6Al8QvRCKA+Fs=",
          "dev": true
        }
      }
    },
    "assertion-error": {
      "version": "1.0.0",
      "resolved": "https://repo.dev.wixpress.com/artifactory/api/npm/npm-repos/assertion-error/-/assertion-error-1.0.0.tgz",
      "integrity": "sha1-x/hUOP3UZrx8oWq5DIFRN5el0js=",
      "dev": true
    },
    "async": {
      "version": "0.1.22",
      "resolved": "https://repo.dev.wixpress.com/artifactory/api/npm/npm-repos/async/-/async-0.1.22.tgz",
      "integrity": "sha1-D8GqoIig4+8Ovi2IMbqw3PiEUGE=",
      "dev": true
    },
    "chai": {
      "version": "1.8.1",
      "resolved": "https://repo.dev.wixpress.com/artifactory/api/npm/npm-repos/chai/-/chai-1.8.1.tgz",
      "integrity": "sha1-zHeGbV5+vKK9dRRLHtw3Coh4X3I=",
      "dev": true,
      "requires": {
        "assertion-error": "1.0.0",
        "deep-eql": "0.1.3"
      }
    },
    "coffee-script": {
      "version": "1.3.3",
      "resolved": "https://repo.dev.wixpress.com/artifactory/api/npm/npm-repos/coffee-script/-/coffee-script-1.3.3.tgz",
      "integrity": "sha1-FQ1rTLUiiUNp7+1qIQHCC8f0pPQ=",
      "dev": true
    },
    "colors": {
      "version": "0.6.2",
      "resolved": "https://repo.dev.wixpress.com/artifactory/api/npm/npm-repos/colors/-/colors-0.6.2.tgz",
      "integrity": "sha1-JCP+ZnisDF2uiFLl0OW+CMmXq8w=",
      "dev": true
    },
    "commander": {
      "version": "2.0.0",
      "resolved": "https://repo.dev.wixpress.com/artifactory/api/npm/npm-repos/commander/-/commander-2.0.0.tgz",
      "integrity": "sha1-0bhvkB+LZL2UG96tr5JFMDk76Sg=",
      "dev": true
    },
    "cookiejar": {
      "version": "1.3.0",
      "resolved": "https://repo.dev.wixpress.com/artifactory/api/npm/npm-repos/cookiejar/-/cookiejar-1.3.0.tgz",
      "integrity": "sha1-3QCzVnkCHpnL1OhVua0EGRNHR2U=",
      "dev": true
    },
    "dateformat": {
      "version": "1.0.2-1.2.3",
      "resolved": "https://repo.dev.wixpress.com/artifactory/api/npm/npm-repos/dateformat/-/dateformat-1.0.2-1.2.3.tgz",
      "integrity": "sha1-sCIMAt6YYXQztyhRz0fePfLNvuk=",
      "dev": true
    },
    "debug": {
      "version": "0.7.4",
      "resolved": "https://repo.dev.wixpress.com/artifactory/api/npm/npm-repos/debug/-/debug-0.7.4.tgz",
      "integrity": "sha1-BuHqgILCyxTjmAbiLi9vdX+Srzk=",
      "dev": true
    },
    "deep-eql": {
      "version": "0.1.3",
      "resolved": "https://repo.dev.wixpress.com/artifactory/api/npm/npm-repos/deep-eql/-/deep-eql-0.1.3.tgz",
      "integrity": "sha1-71WKyrjeJSBs1xOQbXTlaTDrafI=",
      "dev": true,
      "requires": {
        "type-detect": "0.1.1"
      }
    },
    "diff": {
      "version": "1.0.7",
      "resolved": "https://repo.dev.wixpress.com/artifactory/api/npm/npm-repos/diff/-/diff-1.0.7.tgz",
      "integrity": "sha1-JLuwAcSn1VIhaefKvbLCgU7ZHPQ=",
      "dev": true
    },
    "emitter-component": {
      "version": "1.0.0",
      "resolved": "https://repo.dev.wixpress.com/artifactory/api/npm/npm-repos/emitter-component/-/emitter-component-1.0.0.tgz",
      "integrity": "sha1-8E3Rj8PcPpp0y8DzELCIZm5MAW8=",
      "dev": true
    },
    "esprima": {
      "version": "1.0.4",
      "resolved": "https://repo.dev.wixpress.com/artifactory/api/npm/npm-repos/esprima/-/esprima-1.0.4.tgz",
      "integrity": "sha1-n1V+CPw7TSbs6d00+Pv0drYlha0=",
      "dev": true
    },
    "eventemitter2": {
      "version": "0.4.14",
      "resolved": "https://repo.dev.wixpress.com/artifactory/api/npm/npm-repos/eventemitter2/-/eventemitter2-0.4.14.tgz",
      "integrity": "sha1-j2G3XN4BKy6esoTUVFWDtWQ7Yas=",
      "dev": true
    },
    "exit": {
      "version": "0.1.2",
      "resolved": "https://repo.dev.wixpress.com/artifactory/api/npm/npm-repos/exit/-/exit-0.1.2.tgz",
      "integrity": "sha1-BjJjj42HfMghB9MKD/8aF8uhzQw=",
      "dev": true
    },
    "findup-sync": {
      "version": "0.1.3",
      "resolved": "https://repo.dev.wixpress.com/artifactory/api/npm/npm-repos/findup-sync/-/findup-sync-0.1.3.tgz",
      "integrity": "sha1-fz56l7gjksZTvwZYm9hRkOk8NoM=",
      "dev": true,
      "requires": {
        "glob": "~3.2.9",
        "lodash": "~2.4.1"
      },
      "dependencies": {
        "glob": {
          "version": "3.2.11",
          "resolved": "https://repo.dev.wixpress.com/artifactory/api/npm/npm-repos/glob/-/glob-3.2.11.tgz",
          "integrity": "sha1-Spc/Y1uRkPcV0QmH1cAP0oFevj0=",
          "dev": true,
          "requires": {
            "inherits": "2",
            "minimatch": "0.3"
          }
        },
        "lodash": {
          "version": "2.4.2",
          "resolved": "https://repo.dev.wixpress.com/artifactory/api/npm/npm-repos/lodash/-/lodash-2.4.2.tgz",
          "integrity": "sha1-+t2DS5aDBz2hebPq5tnA0VBT9z4=",
          "dev": true
        },
        "minimatch": {
          "version": "0.3.0",
          "resolved": "https://repo.dev.wixpress.com/artifactory/api/npm/npm-repos/minimatch/-/minimatch-0.3.0.tgz",
          "integrity": "sha1-J12O2qxPG7MyZHIInnlJyDlGmd0=",
          "dev": true,
          "requires": {
            "lru-cache": "2",
            "sigmund": "~1.0.0"
          }
        }
      }
    },
    "formidable": {
      "version": "1.0.14",
      "resolved": "https://repo.dev.wixpress.com/artifactory/api/npm/npm-repos/formidable/-/formidable-1.0.14.tgz",
      "integrity": "sha1-Kz9MQRy7X91pXESEPiojUUpDIxo=",
      "dev": true
    },
    "getobject": {
      "version": "0.1.0",
      "resolved": "https://repo.dev.wixpress.com/artifactory/api/npm/npm-repos/getobject/-/getobject-0.1.0.tgz",
      "integrity": "sha1-BHpEl4n6Fg0Bj1SG7ZEyC27HiFw=",
      "dev": true
    },
    "glob": {
      "version": "3.1.21",
      "resolved": "https://repo.dev.wixpress.com/artifactory/api/npm/npm-repos/glob/-/glob-3.1.21.tgz",
      "integrity": "sha1-0p4KBV3qUTj00H7UDomC6DwgZs0=",
      "dev": true,
      "requires": {
        "graceful-fs": "~1.2.0",
        "inherits": "1",
        "minimatch": "~0.2.11"
      },
      "dependencies": {
        "inherits": {
          "version": "1.0.2",
          "resolved": "https://repo.dev.wixpress.com/artifactory/api/npm/npm-repos/inherits/-/inherits-1.0.2.tgz",
          "integrity": "sha1-ykMJ2t7mtUzAuNJH6NfHoJdb3Js=",
          "dev": true
        }
      }
    },
    "graceful-fs": {
      "version": "1.2.3",
      "resolved": "https://repo.dev.wixpress.com/artifactory/api/npm/npm-repos/graceful-fs/-/graceful-fs-1.2.3.tgz",
      "integrity": "sha1-FaSAaldUfLLS2/J/QuiajDRRs2Q=",
      "dev": true
    },
    "growl": {
      "version": "1.7.0",
      "resolved": "https://repo.dev.wixpress.com/artifactory/api/npm/npm-repos/growl/-/growl-1.7.0.tgz",
      "integrity": "sha1-3i1mE20ALhErpw8/EMMc98NQsto=",
      "dev": true
    },
    "grunt": {
      "version": "0.4.5",
      "resolved": "https://repo.dev.wixpress.com/artifactory/api/npm/npm-repos/grunt/-/grunt-0.4.5.tgz",
      "integrity": "sha1-VpN81RlDJK3/bSB2MYMqnWuk5/A=",
      "dev": true,
      "requires": {
        "async": "~0.1.22",
        "coffee-script": "~1.3.3",
        "colors": "~0.6.2",
        "dateformat": "1.0.2-1.2.3",
        "eventemitter2": "~0.4.13",
        "exit": "~0.1.1",
        "findup-sync": "~0.1.2",
        "getobject": "~0.1.0",
        "glob": "~3.1.21",
        "grunt-legacy-log": "~0.1.0",
        "grunt-legacy-util": "~0.2.0",
        "hooker": "~0.2.3",
        "iconv-lite": "~0.2.11",
        "js-yaml": "~2.0.5",
        "lodash": "~0.9.2",
        "minimatch": "~0.2.12",
        "nopt": "~1.0.10",
        "rimraf": "~2.2.8",
        "underscore.string": "~2.2.1",
        "which": "~1.0.5"
      }
    },
    "grunt-legacy-log": {
      "version": "0.1.3",
      "resolved": "https://repo.dev.wixpress.com/artifactory/api/npm/npm-repos/grunt-legacy-log/-/grunt-legacy-log-0.1.3.tgz",
      "integrity": "sha1-7ClCboAwIa9ZAp+H0vnNczWgVTE=",
      "dev": true,
      "requires": {
        "colors": "~0.6.2",
        "grunt-legacy-log-utils": "~0.1.1",
        "hooker": "~0.2.3",
        "lodash": "~2.4.1",
        "underscore.string": "~2.3.3"
      },
      "dependencies": {
        "lodash": {
          "version": "2.4.2",
          "resolved": "https://repo.dev.wixpress.com/artifactory/api/npm/npm-repos/lodash/-/lodash-2.4.2.tgz",
          "integrity": "sha1-+t2DS5aDBz2hebPq5tnA0VBT9z4=",
          "dev": true
        },
        "underscore.string": {
          "version": "2.3.3",
          "resolved": "https://repo.dev.wixpress.com/artifactory/api/npm/npm-repos/underscore.string/-/underscore.string-2.3.3.tgz",
          "integrity": "sha1-ccCL9rQosRM/N+ePo6Icgvcymw0=",
          "dev": true
        }
      }
    },
    "grunt-legacy-log-utils": {
      "version": "0.1.1",
      "resolved": "https://repo.dev.wixpress.com/artifactory/api/npm/npm-repos/grunt-legacy-log-utils/-/grunt-legacy-log-utils-0.1.1.tgz",
      "integrity": "sha1-wHBrndkGThFvNvI/5OawSGcsD34=",
      "dev": true,
      "requires": {
        "colors": "~0.6.2",
        "lodash": "~2.4.1",
        "underscore.string": "~2.3.3"
      },
      "dependencies": {
        "lodash": {
          "version": "2.4.2",
          "resolved": "https://repo.dev.wixpress.com/artifactory/api/npm/npm-repos/lodash/-/lodash-2.4.2.tgz",
          "integrity": "sha1-+t2DS5aDBz2hebPq5tnA0VBT9z4=",
          "dev": true
        },
        "underscore.string": {
          "version": "2.3.3",
          "resolved": "https://repo.dev.wixpress.com/artifactory/api/npm/npm-repos/underscore.string/-/underscore.string-2.3.3.tgz",
          "integrity": "sha1-ccCL9rQosRM/N+ePo6Icgvcymw0=",
          "dev": true
        }
      }
    },
    "grunt-legacy-util": {
      "version": "0.2.0",
      "resolved": "https://repo.dev.wixpress.com/artifactory/api/npm/npm-repos/grunt-legacy-util/-/grunt-legacy-util-0.2.0.tgz",
      "integrity": "sha1-kzJIhNv343qf98Am3/RR2UqeVUs=",
      "dev": true,
      "requires": {
        "async": "~0.1.22",
        "exit": "~0.1.1",
        "getobject": "~0.1.0",
        "hooker": "~0.2.3",
        "lodash": "~0.9.2",
        "underscore.string": "~2.2.1",
        "which": "~1.0.5"
      }
    },
    "grunt-release": {
      "version": "0.6.1",
      "resolved": "https://repo.dev.wixpress.com/artifactory/api/npm/npm-repos/grunt-release/-/grunt-release-0.6.1.tgz",
      "integrity": "sha1-y2W5vOUfuF/zJMmgMh1UDNzdjbs=",
      "dev": true,
      "requires": {
        "semver": "~2.0.10",
        "shelljs": "~0.1.2",
        "superagent": "~0.15.4"
      },
      "dependencies": {
        "semver": {
          "version": "2.0.11",
          "resolved": "https://repo.dev.wixpress.com/artifactory/api/npm/npm-repos/semver/-/semver-2.0.11.tgz",
          "integrity": "sha1-9R8H0D+lr3m+tTf8Bnp+FBeGzO0=",
          "dev": true
        }
      }
    },
    "hooker": {
      "version": "0.2.3",
      "resolved": "https://repo.dev.wixpress.com/artifactory/api/npm/npm-repos/hooker/-/hooker-0.2.3.tgz",
      "integrity": "sha1-uDT3I8xKJCqmWWNFnfbZhMXT2Vk=",
      "dev": true
    },
    "iconv-lite": {
      "version": "0.2.11",
      "resolved": "https://repo.dev.wixpress.com/artifactory/api/npm/npm-repos/iconv-lite/-/iconv-lite-0.2.11.tgz",
      "integrity": "sha1-HOYKOleGSiktEyH/RgnKS7llrcg=",
      "dev": true
    },
    "inherits": {
      "version": "2.0.4",
      "resolved": "https://repo.dev.wixpress.com/artifactory/api/npm/npm-repos/inherits/-/inherits-2.0.4.tgz",
      "integrity": "sha1-D6LGT5MpF8NDOg3tVTY6rjdBa3w=",
      "dev": true
    },
    "jade": {
      "version": "0.26.3",
      "resolved": "https://repo.dev.wixpress.com/artifactory/api/npm/npm-repos/jade/-/jade-0.26.3.tgz",
      "integrity": "sha1-jxDXl32NefL2/4YqgbBRPMslaGw=",
      "dev": true,
      "requires": {
        "commander": "0.6.1",
        "mkdirp": "0.3.0"
      },
      "dependencies": {
        "commander": {
          "version": "0.6.1",
          "resolved": "https://repo.dev.wixpress.com/artifactory/api/npm/npm-repos/commander/-/commander-0.6.1.tgz",
          "integrity": "sha1-+mihT2qUXVTbvlDYzbMyDp47GgY=",
          "dev": true
        },
        "mkdirp": {
          "version": "0.3.0",
          "resolved": "https://repo.dev.wixpress.com/artifactory/api/npm/npm-repos/mkdirp/-/mkdirp-0.3.0.tgz",
          "integrity": "sha1-G79asbqCevI1dRQ0kEJkVfSB/h4=",
          "dev": true
        }
      }
    },
    "js-yaml": {
      "version": "2.0.5",
      "resolved": "https://repo.dev.wixpress.com/artifactory/api/npm/npm-repos/js-yaml/-/js-yaml-2.0.5.tgz",
      "integrity": "sha1-olrmUJmZ6X3yeMZxnaEb0Gh3Q6g=",
      "dev": true,
      "requires": {
        "argparse": "~ 0.1.11",
        "esprima": "~ 1.0.2"
      }
    },
    "lodash": {
      "version": "0.9.2",
      "resolved": "https://repo.dev.wixpress.com/artifactory/api/npm/npm-repos/lodash/-/lodash-0.9.2.tgz",
      "integrity": "sha1-jzSZxSRdNG1oLlsNO0B2fgnxqSw=",
      "dev": true
    },
    "lru-cache": {
      "version": "2.7.3",
      "resolved": "https://repo.dev.wixpress.com/artifactory/api/npm/npm-repos/lru-cache/-/lru-cache-2.7.3.tgz",
      "integrity": "sha1-bUUk6LlV+V1PW1iFHOId1y+06VI=",
      "dev": true
    },
    "methods": {
      "version": "0.0.1",
      "resolved": "https://repo.dev.wixpress.com/artifactory/api/npm/npm-repos/methods/-/methods-0.0.1.tgz",
      "integrity": "sha1-J3yQ+L7zlwlkWoNxxRw7bGSOBow=",
      "dev": true
    },
    "mime": {
      "version": "1.2.5",
      "resolved": "https://repo.dev.wixpress.com/artifactory/api/npm/npm-repos/mime/-/mime-1.2.5.tgz",
      "integrity": "sha1-nu0HMCKov14WyFZsaGe4gyv7+hM=",
      "dev": true
    },
    "minimatch": {
      "version": "0.2.14",
      "resolved": "https://repo.dev.wixpress.com/artifactory/api/npm/npm-repos/minimatch/-/minimatch-0.2.14.tgz",
      "integrity": "sha1-x054BXT2PG+aCQ6Q775u9TpqdWo=",
      "dev": true,
      "requires": {
        "lru-cache": "2",
        "sigmund": "~1.0.0"
      }
    },
    "mkdirp": {
      "version": "0.3.5",
      "resolved": "https://repo.dev.wixpress.com/artifactory/api/npm/npm-repos/mkdirp/-/mkdirp-0.3.5.tgz",
      "integrity": "sha1-3j5fiWHIjHh+4TaN+EmsRBPsqNc=",
      "dev": true
    },
    "mocha": {
      "version": "1.17.1",
      "resolved": "https://repo.dev.wixpress.com/artifactory/api/npm/npm-repos/mocha/-/mocha-1.17.1.tgz",
      "integrity": "sha1-f3Zx1oUm0HS3uuZgyQmfh+DqHMs=",
      "dev": true,
      "requires": {
        "commander": "2.0.0",
        "debug": "*",
        "diff": "1.0.7",
        "glob": "3.2.3",
        "growl": "1.7.x",
        "jade": "0.26.3",
        "mkdirp": "0.3.5"
      },
      "dependencies": {
        "glob": {
          "version": "3.2.3",
          "resolved": "https://repo.dev.wixpress.com/artifactory/api/npm/npm-repos/glob/-/glob-3.2.3.tgz",
          "integrity": "sha1-4xPusknHr/qlxHUoaw4RW1mDlGc=",
          "dev": true,
          "requires": {
            "graceful-fs": "~2.0.0",
            "inherits": "2",
            "minimatch": "~0.2.11"
          }
        },
        "graceful-fs": {
          "version": "2.0.3",
          "resolved": "https://repo.dev.wixpress.com/artifactory/api/npm/npm-repos/graceful-fs/-/graceful-fs-2.0.3.tgz",
          "integrity": "sha1-fNLNsiiko/Nule+mzBQt59GhNtA=",
          "dev": true
        }
      }
    },
    "nopt": {
      "version": "1.0.10",
      "resolved": "https://repo.dev.wixpress.com/artifactory/api/npm/npm-repos/nopt/-/nopt-1.0.10.tgz",
      "integrity": "sha1-bd0hvSoxQXuScn3Vhfim83YI6+4=",
      "dev": true,
      "requires": {
        "abbrev": "1"
      }
    },
    "qs": {
      "version": "0.6.5",
      "resolved": "https://repo.dev.wixpress.com/artifactory/api/npm/npm-repos/qs/-/qs-0.6.5.tgz",
      "integrity": "sha1-KUsmjksNQlD23eGbO4s0k13/FO8=",
      "dev": true
    },
    "reduce-component": {
      "version": "1.0.1",
      "resolved": "https://repo.dev.wixpress.com/artifactory/api/npm/npm-repos/reduce-component/-/reduce-component-1.0.1.tgz",
      "integrity": "sha1-4Mk1QsV0UhvqE98PlIjtgqt3xdo=",
      "dev": true
    },
    "rimraf": {
      "version": "2.2.8",
      "resolved": "https://repo.dev.wixpress.com/artifactory/api/npm/npm-repos/rimraf/-/rimraf-2.2.8.tgz",
      "integrity": "sha1-5Dm+Kq7jJzIZUnMPmaiSnk/FBYI=",
      "dev": true
    },
    "semver": {
      "version": "5.7.1",
      "resolved": "https://repo.dev.wixpress.com/artifactory/api/npm/npm-repos/semver/-/semver-5.7.1.tgz",
      "integrity": "sha1-qVT5Ma66UI0we78Gnv8MAclhFvc="
    },
    "shelljs": {
      "version": "0.1.4",
      "resolved": "https://repo.dev.wixpress.com/artifactory/api/npm/npm-repos/shelljs/-/shelljs-0.1.4.tgz",
      "integrity": "sha1-37vnjVbDwBaNL7eeEOzR28sH7A4=",
      "dev": true
    },
    "sigmund": {
      "version": "1.0.1",
      "resolved": "https://repo.dev.wixpress.com/artifactory/api/npm/npm-repos/sigmund/-/sigmund-1.0.1.tgz",
      "integrity": "sha1-P/IfGYytIXX587eBhT/ZTQ0ZtZA=",
      "dev": true
    },
    "superagent": {
      "version": "0.15.7",
      "resolved": "https://repo.dev.wixpress.com/artifactory/api/npm/npm-repos/superagent/-/superagent-0.15.7.tgz",
      "integrity": "sha1-CVxwuK//vAcvFFjzloTUhU1jM6M=",
      "dev": true,
      "requires": {
        "cookiejar": "1.3.0",
        "debug": "~0.7.2",
        "emitter-component": "1.0.0",
        "formidable": "1.0.14",
        "methods": "0.0.1",
        "mime": "1.2.5",
        "qs": "0.6.5",
        "reduce-component": "1.0.1"
      }
    },
    "type-detect": {
      "version": "0.1.1",
      "resolved": "https://repo.dev.wixpress.com/artifactory/api/npm/npm-repos/type-detect/-/type-detect-0.1.1.tgz",
      "integrity": "sha1-C6XsKohWQORw6k6FBZcZANrFiCI=",
      "dev": true
    },
    "underscore": {
      "version": "1.7.0",
      "resolved": "https://repo.dev.wixpress.com/artifactory/api/npm/npm-repos/underscore/-/underscore-1.7.0.tgz",
      "integrity": "sha1-a7rwh3UA02vjTsqlhODbn+8DUgk=",
      "dev": true
    },
    "underscore.string": {
      "version": "2.2.1",
      "resolved": "https://repo.dev.wixpress.com/artifactory/api/npm/npm-repos/underscore.string/-/underscore.string-2.2.1.tgz",
      "integrity": "sha1-18D6KvXVoaZ/QlPa7pgTLnM/Dxk=",
      "dev": true
    },
    "which": {
      "version": "1.0.9",
      "resolved": "https://repo.dev.wixpress.com/artifactory/api/npm/npm-repos/which/-/which-1.0.9.tgz",
      "integrity": "sha1-RgwdoPgQED0DIam2M6+eV15kSG8=",
      "dev": true
    }
  }
}
